
Microsoft Visual Studio Solution File, Format Version 12.00
# Visual Studio 15
VisualStudioVersion = 15.0.26430.12
MinimumVisualStudioVersion = 10.0.40219.1
Project("{9A19103F-16F7-4668-BE54-9A1E7A4F7556}") = "CANAPE", "CANAPE\CANAPE.csproj", "{C329428D-9B18-4A35-AC6F-9157E0925AD0}"
EndProject
Project("{9A19103F-16F7-4668-BE54-9A1E7A4F7556}") = "CANAPE.Security", "CANAPE.Security\CANAPE.Security.csproj", "{A167B1FA-0DB6-4F92-88F7-833F5FBC7991}"
EndProject
Project("{9A19103F-16F7-4668-BE54-9A1E7A4F7556}") = "CANAPE.Net.Protocols", "CANAPE.Net.Protocols\CANAPE.Net.Protocols.csproj", "{F96C9518-7FE0-487C-BF4F-896D1FA0BF5B}"
EndProject
Project("{9A19103F-16F7-4668-BE54-9A1E7A4F7556}") = "CANAPE.Net", "CANAPE.Net\CANAPE.Net.csproj", "{BE6630C9-C759-40D6-A4B8-B34C877D7F5B}"
EndProject
Project("{FAE04EC0-301F-11D3-BF4B-00C04F79EFBC}") = "CANAPE.Net.Templates", "CANAPE.Net.Templates\CANAPE.Net.Templates.csproj", "{B1709225-AFBC-4A16-A7D3-42941085E84A}"
EndProject
Project("{FAE04EC0-301F-11D3-BF4B-00C04F79EFBC}") = "CANAPE.Cli", "CANAPE.Cli\CANAPE.Cli.csproj", "{60864BA4-2B0E-45BB-8763-36366C42BE0A}"
EndProject
Global
	GlobalSection(SolutionConfigurationPlatforms) = preSolution
		Debug|Any CPU = Debug|Any CPU
		Release|Any CPU = Release|Any CPU
	EndGlobalSection
	GlobalSection(ProjectConfigurationPlatforms) = postSolution
		{C329428D-9B18-4A35-AC6F-9157E0925AD0}.Debug|Any CPU.ActiveCfg = Debug|Any CPU
		{C329428D-9B18-4A35-AC6F-9157E0925AD0}.Debug|Any CPU.Build.0 = Debug|Any CPU
		{C329428D-9B18-4A35-AC6F-9157E0925AD0}.Release|Any CPU.ActiveCfg = Release|Any CPU
		{C329428D-9B18-4A35-AC6F-9157E0925AD0}.Release|Any CPU.Build.0 = Release|Any CPU
		{A167B1FA-0DB6-4F92-88F7-833F5FBC7991}.Debug|Any CPU.ActiveCfg = Debug|Any CPU
		{A167B1FA-0DB6-4F92-88F7-833F5FBC7991}.Debug|Any CPU.Build.0 = Debug|Any CPU
		{A167B1FA-0DB6-4F92-88F7-833F5FBC7991}.Release|Any CPU.ActiveCfg = Release|Any CPU
		{A167B1FA-0DB6-4F92-88F7-833F5FBC7991}.Release|Any CPU.Build.0 = Release|Any CPU
		{F96C9518-7FE0-487C-BF4F-896D1FA0BF5B}.Debug|Any CPU.ActiveCfg = Debug|Any CPU
		{F96C9518-7FE0-487C-BF4F-896D1FA0BF5B}.Debug|Any CPU.Build.0 = Debug|Any CPU
		{F96C9518-7FE0-487C-BF4F-896D1FA0BF5B}.Release|Any CPU.ActiveCfg = Release|Any CPU
		{F96C9518-7FE0-487C-BF4F-896D1FA0BF5B}.Release|Any CPU.Build.0 = Release|Any CPU
		{BE6630C9-C759-40D6-A4B8-B34C877D7F5B}.Debug|Any CPU.ActiveCfg = Debug|Any CPU
		{BE6630C9-C759-40D6-A4B8-B34C877D7F5B}.Debug|Any CPU.Build.0 = Debug|Any CPU
		{BE6630C9-C759-40D6-A4B8-B34C877D7F5B}.Release|Any CPU.ActiveCfg = Release|Any CPU
		{BE6630C9-C759-40D6-A4B8-B34C877D7F5B}.Release|Any CPU.Build.0 = Release|Any CPU
		{B1709225-AFBC-4A16-A7D3-42941085E84A}.Debug|Any CPU.ActiveCfg = Debug|Any CPU
		{B1709225-AFBC-4A16-A7D3-42941085E84A}.Debug|Any CPU.Build.0 = Debug|Any CPU
		{B1709225-AFBC-4A16-A7D3-42941085E84A}.Release|Any CPU.ActiveCfg = Release|Any CPU
		{B1709225-AFBC-4A16-A7D3-42941085E84A}.Release|Any CPU.Build.0 = Release|Any CPU
		{60864BA4-2B0E-45BB-8763-36366C42BE0A}.Debug|Any CPU.ActiveCfg = Debug|Any CPU
		{60864BA4-2B0E-45BB-8763-36366C42BE0A}.Debug|Any CPU.Build.0 = Debug|Any CPU
		{60864BA4-2B0E-45BB-8763-36366C42BE0A}.Release|Any CPU.ActiveCfg = Release|Any CPU
		{60864BA4-2B0E-45BB-8763-36366C42BE0A}.Release|Any CPU.Build.0 = Release|Any CPU
	EndGlobalSection
	GlobalSection(SolutionProperties) = preSolution
		HideSolutionNode = FALSE
	EndGlobalSection
EndGlobal
